
Microsoft Visual Studio Solution File, Format Version 12.00
# Visual Studio 2012
Project("{FAE04EC0-301F-11D3-BF4B-00C04F79EFBC}") = "CSharp_ButtonLabel", "CSharp_ButtonLabel\CSharp_ButtonLabel.csproj", "{ED4BD0AD-4E4F-4202-BB46-01B4594BC9B5}"
EndProject
Project("{FAE04EC0-301F-11D3-BF4B-00C04F79EFBC}") = "LinkLabelKontrola", "LinkLabelKontrola\LinkLabelKontrola.csproj", "{10E60460-8DA7-428E-970B-7F1F2B07FD00}"
EndProject
Project("{FAE04EC0-301F-11D3-BF4B-00C04F79EFBC}") = "TextBoxKontrola", "TextBoxKontrola\TextBoxKontrola.csproj", "{145F7851-598E-49A0-8395-45CC72660BF5}"
EndProject
Project("{FAE04EC0-301F-11D3-BF4B-00C04F79EFBC}") = "ObradaIzuzetaka", "ObradaIzuzetaka\ObradaIzuzetaka.csproj", "{C558CEED-101C-47DD-ADEF-CCFD7823CDFC}"
EndProject
Project("{FAE04EC0-301F-11D3-BF4B-00C04F79EFBC}") = "ComboBoxKontrola", "ComboBoxKontrola\ComboBoxKontrola.csproj", "{8481C290-91AF-4C0C-93F9-30D7F9B10B05}"
EndProject
Project("{FAE04EC0-301F-11D3-BF4B-00C04F79EFBC}") = "RichTextBoxKontrola", "RichTextBoxKontrola\RichTextBoxKontrola.csproj", "{DF12F2BA-F011-4583-9D0C-03C1027520AC}"
EndProject
Project("{FAE04EC0-301F-11D3-BF4B-00C04F79EFBC}") = "CheckBoxKontrola", "CheckBoxKontrola\CheckBoxKontrola.csproj", "{6657D786-B922-4976-A72B-0E03DE4834BE}"
EndProject
Project("{FAE04EC0-301F-11D3-BF4B-00C04F79EFBC}") = "Studenti", "Vezba16PripremaPrvogKolokvijuma\Studenti.csproj", "{02C36E1F-80ED-44E4-8ED0-A35789A0A97A}"
EndProject
Project("{FAE04EC0-301F-11D3-BF4B-00C04F79EFBC}") = "Automobili", "Automobili\Automobili.csproj", "{0C8E44A5-573A-44CD-B353-694B0A692A93}"
EndProject
Global
	GlobalSection(SolutionConfigurationPlatforms) = preSolution
		Debug|Any CPU = Debug|Any CPU
		Release|Any CPU = Release|Any CPU
	EndGlobalSection
	GlobalSection(ProjectConfigurationPlatforms) = postSolution
		{ED4BD0AD-4E4F-4202-BB46-01B4594BC9B5}.Debug|Any CPU.ActiveCfg = Debug|Any CPU
		{ED4BD0AD-4E4F-4202-BB46-01B4594BC9B5}.Debug|Any CPU.Build.0 = Debug|Any CPU
		{ED4BD0AD-4E4F-4202-BB46-01B4594BC9B5}.Release|Any CPU.ActiveCfg = Release|Any CPU
		{ED4BD0AD-4E4F-4202-BB46-01B4594BC9B5}.Release|Any CPU.Build.0 = Release|Any CPU
		{10E60460-8DA7-428E-970B-7F1F2B07FD00}.Debug|Any CPU.ActiveCfg = Debug|Any CPU
		{10E60460-8DA7-428E-970B-7F1F2B07FD00}.Debug|Any CPU.Build.0 = Debug|Any CPU
		{10E60460-8DA7-428E-970B-7F1F2B07FD00}.Release|Any CPU.ActiveCfg = Release|Any CPU
		{10E60460-8DA7-428E-970B-7F1F2B07FD00}.Release|Any CPU.Build.0 = Release|Any CPU
		{145F7851-598E-49A0-8395-45CC72660BF5}.Debug|Any CPU.ActiveCfg = Debug|Any CPU
		{145F7851-598E-49A0-8395-45CC72660BF5}.Debug|Any CPU.Build.0 = Debug|Any CPU
		{145F7851-598E-49A0-8395-45CC72660BF5}.Release|Any CPU.ActiveCfg = Release|Any CPU
		{145F7851-598E-49A0-8395-45CC72660BF5}.Release|Any CPU.Build.0 = Release|Any CPU
		{C558CEED-101C-47DD-ADEF-CCFD7823CDFC}.Debug|Any CPU.ActiveCfg = Debug|Any CPU
		{C558CEED-101C-47DD-ADEF-CCFD7823CDFC}.Debug|Any CPU.Build.0 = Debug|Any CPU
		{C558CEED-101C-47DD-ADEF-CCFD7823CDFC}.Release|Any CPU.ActiveCfg = Release|Any CPU
		{C558CEED-101C-47DD-ADEF-CCFD7823CDFC}.Release|Any CPU.Build.0 = Release|Any CPU
		{8481C290-91AF-4C0C-93F9-30D7F9B10B05}.Debug|Any CPU.ActiveCfg = Debug|Any CPU
		{8481C290-91AF-4C0C-93F9-30D7F9B10B05}.Debug|Any CPU.Build.0 = Debug|Any CPU
		{8481C290-91AF-4C0C-93F9-30D7F9B10B05}.Release|Any CPU.ActiveCfg = Release|Any CPU
		{8481C290-91AF-4C0C-93F9-30D7F9B10B05}.Release|Any CPU.Build.0 = Release|Any CPU
		{DF12F2BA-F011-4583-9D0C-03C1027520AC}.Debug|Any CPU.ActiveCfg = Debug|Any CPU
		{DF12F2BA-F011-4583-9D0C-03C1027520AC}.Debug|Any CPU.Build.0 = Debug|Any CPU
		{DF12F2BA-F011-4583-9D0C-03C1027520AC}.Release|Any CPU.ActiveCfg = Release|Any CPU
		{DF12F2BA-F011-4583-9D0C-03C1027520AC}.Release|Any CPU.Build.0 = Release|Any CPU
		{6657D786-B922-4976-A72B-0E03DE4834BE}.Debug|Any CPU.ActiveCfg = Debug|Any CPU
		{6657D786-B922-4976-A72B-0E03DE4834BE}.Debug|Any CPU.Build.0 = Debug|Any CPU
		{6657D786-B922-4976-A72B-0E03DE4834BE}.Release|Any CPU.ActiveCfg = Release|Any CPU
		{6657D786-B922-4976-A72B-0E03DE4834BE}.Release|Any CPU.Build.0 = Release|Any CPU
		{02C36E1F-80ED-44E4-8ED0-A35789A0A97A}.Debug|Any CPU.ActiveCfg = Debug|Any CPU
		{02C36E1F-80ED-44E4-8ED0-A35789A0A97A}.Debug|Any CPU.Build.0 = Debug|Any CPU
		{02C36E1F-80ED-44E4-8ED0-A35789A0A97A}.Release|Any CPU.ActiveCfg = Release|Any CPU
		{02C36E1F-80ED-44E4-8ED0-A35789A0A97A}.Release|Any CPU.Build.0 = Release|Any CPU
		{0C8E44A5-573A-44CD-B353-694B0A692A93}.Debug|Any CPU.ActiveCfg = Debug|Any CPU
		{0C8E44A5-573A-44CD-B353-694B0A692A93}.Debug|Any CPU.Build.0 = Debug|Any CPU
		{0C8E44A5-573A-44CD-B353-694B0A692A93}.Release|Any CPU.ActiveCfg = Release|Any CPU
		{0C8E44A5-573A-44CD-B353-694B0A692A93}.Release|Any CPU.Build.0 = Release|Any CPU
	EndGlobalSection
	GlobalSection(SolutionProperties) = preSolution
		HideSolutionNode = FALSE
	EndGlobalSection
EndGlobal
